
Microsoft Visual Studio Solution File, Format Version 12.00
# Visual Studio Version 17
VisualStudioVersion = 17.7.34031.279
MinimumVisualStudioVersion = 10.0.40219.1
Project("{FAE04EC0-301F-11D3-BF4B-00C04F79EFBC}") = "presensi", "presensi\presensi.csproj", "{FD929242-473A-4F7E-99FB-548499A42869}"
EndProject
Global
	GlobalSection(SolutionConfigurationPlatforms) = preSolution
		Debug|Any CPU = Debug|Any CPU
		Release|Any CPU = Release|Any CPU
	EndGlobalSection
	GlobalSection(ProjectConfigurationPlatforms) = postSolution
		{FD929242-473A-4F7E-99FB-548499A42869}.Debug|Any CPU.ActiveCfg = Debug|Any CPU
		{FD929242-473A-4F7E-99FB-548499A42869}.Debug|Any CPU.Build.0 = Debug|Any CPU
		{FD929242-473A-4F7E-99FB-548499A42869}.Release|Any CPU.ActiveCfg = Release|Any CPU
		{FD929242-473A-4F7E-99FB-548499A42869}.Release|Any CPU.Build.0 = Release|Any CPU
	EndGlobalSection
	GlobalSection(SolutionProperties) = preSolution
		HideSolutionNode = FALSE
	EndGlobalSection
	GlobalSection(ExtensibilityGlobals) = postSolution
		SolutionGuid = {072C2617-56DB-4016-AAFB-2E15A7EAB4BB}
	EndGlobalSection
EndGlobal
